{
  "version": 4,
  "terraform_version": "1.11.1",
  "serial": 35,
  "lineage": "a493610c-4ee3-1281-b3fb-b1b843d00a6e",
  "outputs": {
    "kubernetes_cluster_ca_certificate": {
      "value": "LS0tLS1CRUdJTiBDRVJUSUZJQ0FURS0tLS0tCk1JSUVLekNDQXBPZ0F3SUJBZ0lQRWhUVXdKdWRpaWFLclpKRXBlNXJNQTBHQ1NxR1NJYjNEUUVCQ3dVQU1DOHgKTFRBckJnTlZCQU1USkROalpEVmpNall5TFRZMU1qUXROR1E1T0MwNFpEVm1MV05sT0dFeFpqWmlaRFEzWXpBZwpGdzB5TlRBMU1qTXhNek13TkRkYUdBOHlNRFUxTURVeE5qRTBNekEwTjFvd0x6RXRNQ3NHQTFVRUF4TWtNMk5rCk5XTXlOakl0TmpVeU5DMDBaRGs0TFRoa05XWXRZMlU0WVRGbU5tSmtORGRqTUlJQm9qQU5CZ2txaGtpRzl3MEIKQVFFRkFBT0NBWThBTUlJQmlnS0NBWUVBcnhhMnZEa0UyZk9US2ZHTnRPbmhWSXBpVkN2TkNoYk1renV3aWZQaQplU1NlQzU4ejBPU2ZiREVLdFNmUGluQmZ0TElmdzE0U080SVQrTnRtWk9kZ1Y2QXdWckFNcTQ3alNsTVlVcXhOCkJESFBua2s3eW94amluakM4MXh3MEEvYks5UWZsM1ZaVTlHY2d4d2taaStZVW5wRGhVbjdvdGFJWTV0NjN3cVcKYnorOHBZNnZUMFdrWVVSNyt1ZWFvaDN6a1NLbnBEaU1yd2ozNlZCZE9MU0xyL0N4NGhienpldy9rS2YrckgvZwp3aDhkVnUvSWk2STRveDM2c20xdzlYK3drZ1lqekRmRGtmK0tqRXhMZDJOalFodzRIaFh1MjN2MURSbGZxZWo5CjgzSDR4K2d0blFyS2V1MHAzbnpqVURkek1vNFpIRGRubXU3cFVKdXBESkZJWWNEWHRXL29ZblpRWFhubmZkTE0KbEV5b2dZOFVRMmhhVDcxOGI5MmFFZjFyZEl2MlI5WUNDZXFMTzZrL0tVSjdXTzZ2aW81c3A3dFVQdlNYaEpiTgpmTG95MWdVQ1RLaXh1dFFtSTZyU3JYZ0Z0eGMyeGxDeVdWUFpTMWRlbWxrdy9CaDNOTDNrZzBiTEFmOHU3V3NICkVEbTBUVXM5bG5nbVZTelllMkhQRmErM0FnTUJBQUdqUWpCQU1BNEdBMVVkRHdFQi93UUVBd0lDQkRBUEJnTlYKSFJNQkFmOEVCVEFEQVFIL01CMEdBMVVkRGdRV0JCUThaeTdoczVkQnYvMlUzTUdXRzVVSjRoZUJ4ekFOQmdrcQpoa2lHOXcwQkFRc0ZBQU9DQVlFQWQrZkdUNWJQcW9LVzEyR1B1UmVoZzJwMHdvVWJvK01jTDhmQndzbjdwS29RClIrK0NoTEZSNVhlL01HWEk4bmFCeDNoU3JoZEZLeDlMK1BVWElTMzZ5bEdsNmh2d3dqb2xXVi8zcnBnQllPOWUKQ05zMlJybXRQYXhqaFRSYS9MOGw0cnRlaksxekZ4K2xIczlPVGFuWTlUVTdIU0kzRU1mb0VwaCsvOEcwa0FBTQpaZGtVdEZGSXRnbUhQc1Z5RndSUEFvWm56L1AyMFJXRnUxYklTN0M5aXdYUjMyQ3pnc3ozZWpBRExpNDgyaDVECk4vK1JLdTdFMlNKMWlHQllSTXU4U01mRm9MdU0vM1J1Tjg0U2h6SFM3WEdpUEVUdExTejc5WVVENzQ1RW1ud08KSHhJdGh4TVhJVmQ0UjR4Y1FhaFVDNU9WZHIwSVlLVGpOTzlnU0N0QXU2ZXo4QW9iMGY0MlpqVWxDU1RMUkEybwo3eWVrSkxZTjhmMCtxYXpqd0Mvd2hDKzJCSlZDV0VKNTJXMXdxZzRvZS9TbWQ2UFJSVy9wVlg2RmV1TUZkeVJ6CkRneDJhbEEvZFpDZmVhekRibWZlMFErdk5rR09FenFqWTJBMXh5eGxZU3JaODVJYkptS2JqK1gyaTlXT2JzZ1UKSW9KU3FCbkVrU29IUFVZNFFQbGsKLS0tLS1FTkQgQ0VSVElGSUNBVEUtLS0tLQo=",
      "type": "string"
    },
    "kubernetes_cluster_endpoint": {
      "value": "35.224.119.232",
      "type": "string"
    },
    "kubernetes_cluster_name": {
      "value": "swe590-cluster",
      "type": "string"
    }
  },
  "resources": [
    {
      "mode": "data",
      "type": "google_client_config",
      "name": "default",
      "provider": "provider[\"registry.terraform.io/hashicorp/google\"]",
      "instances": [
        {
          "schema_version": 0,
          "attributes": {
            "access_token": "ya29.c.c0ASRK0GbpzZuxIWyn1GYd5qUjSZ1eT6mEUvAjVNlrBgk2XjpbBXfW6h6FIm63fwv1bvPeIapkk5PgzDSY78n3uS2xIFMCoIxmPnBAR3Wt7kG1wjyFgXna_AWvVIIW95oNHYYd7i7w0Cl3i6FSzeMyxZSsCFh4lQEBE6dr-5sVwa91iQIoMHe7QvvKWp_pEdHr0LTFWyZCLGAOXgr8HjtD0B6Vn13Jc4KXIjz-3bzVSQPgqxt1FP1zBan_LhR-ytn78O8TbDrdYhe2xocBn-KiAQkZ2O2VBcq0y9otp2ieNyNaPal6BFdfRXrtiPz4QpIWIgilPTU4WsNzPtcTgp1ilFubdf0sJLPQqkfjt3eDV2OIRwCmr62NPW1e6gE387Kz2BwYp7-7h8vr8diU1w-ux5xcF3gdRnZ-4vxZbFg4byVpgXpFwf9S4Zy4WuBIZsWruXgv2fhrjI1ZBMQBo00M24k-dprY1ccB7rUtqd7S2BVpFyVVM9ehjdpcWp8B0-zooZp3fUXqxW_F_v3VfV6qJhwkxMpq6l3c5jlMUUhtSwz6Mxozlh-n3dp-aQYbpml80aBIkMWcblM0Z5aemFdJwbi9297FoxkJ7JO0dd6kfMavZSruw24wFo9yoIZuypew2dXZ4XzxqYsvs78Fxz7OtsajfwsmfSmvq7nokzd3kxRdgiZQI_v5l2MIn-ey5x9Q5-52aeppuZaOzk-V0rUXSfwRxFxYfOeSbtpFwZxFl1a6v85b2amw5Qtggfpekxl0fRFggMscckYqjRbyUe6-zmoJxxqkafS4us4qzfastI1y64o8Urfn1v3_hmjOYF105wIU5m8M1iebBrw7-oxq5fFVU1-VzQY1cly_8twdV82lWvk8IipXRo3sShf-dszhyhZv1kmaWkf8gF_7M5SaIUFM85qUFhIFSUUgtFJJ1shwIutgVxkFtvO4msvQM48bdtW51m2WoaqQYYcIX61b6RmO6lVwyup0UmfykrqkSRjF0BrmxYn0hRZ",
            "default_labels": {},
            "id": "projects/white-site-459410-c0/regions/us-central1-a/zones/",
            "project": "white-site-459410-c0",
            "region": "us-central1-a",
            "zone": ""
          },
          "sensitive_attributes": [
            [
              {
                "type": "get_attr",
                "value": "access_token"
              }
            ]
          ]
        }
      ]
    },
    {
      "mode": "managed",
      "type": "google_container_cluster",
      "name": "primary",
      "provider": "provider[\"registry.terraform.io/hashicorp/google\"]",
      "instances": [
        {
          "schema_version": 2,
          "attributes": {
            "addons_config": [
              {
                "cloudrun_config": [],
                "config_connector_config": [],
                "dns_cache_config": [],
                "gce_persistent_disk_csi_driver_config": [
                  {
                    "enabled": true
                  }
                ],
                "gcp_filestore_csi_driver_config": [],
                "gcs_fuse_csi_driver_config": [],
                "gke_backup_agent_config": [],
                "horizontal_pod_autoscaling": [],
                "http_load_balancing": [],
                "network_policy_config": [
                  {
                    "disabled": true
                  }
                ],
                "parallelstore_csi_driver_config": [],
                "ray_operator_config": [],
                "stateful_ha_config": []
              }
            ],
            "allow_net_admin": null,
            "authenticator_groups_config": [],
            "binary_authorization": [
              {
                "enabled": false,
                "evaluation_mode": ""
              }
            ],
            "cluster_autoscaling": [
              {
                "auto_provisioning_defaults": [],
                "auto_provisioning_locations": [],
                "autoscaling_profile": "BALANCED",
                "enabled": false,
                "resource_limits": []
              }
            ],
            "cluster_ipv4_cidr": "10.116.0.0/14",
            "confidential_nodes": [],
            "control_plane_endpoints_config": [
              {
                "dns_endpoint_config": [
                  {
                    "allow_external_traffic": false,
                    "endpoint": "gke-d6c633477d3a44ccbd23e9ab2ea2fbc45e2d-790253395116.us-central1-a.gke.goog"
                  }
                ],
                "ip_endpoints_config": [
                  {
                    "enabled": true
                  }
                ]
              }
            ],
            "cost_management_config": [],
            "database_encryption": [
              {
                "key_name": "",
                "state": "DECRYPTED"
              }
            ],
            "datapath_provider": "",
            "default_max_pods_per_node": 110,
            "default_snat_status": [
              {
                "disabled": false
              }
            ],
            "deletion_protection": true,
            "description": "",
            "disable_l4_lb_firewall_reconciliation": false,
            "dns_config": [],
            "effective_labels": {
              "goog-terraform-provisioned": "true"
            },
            "enable_autopilot": false,
            "enable_cilium_clusterwide_network_policy": false,
            "enable_fqdn_network_policy": false,
            "enable_intranode_visibility": false,
            "enable_k8s_beta_apis": [],
            "enable_kubernetes_alpha": false,
            "enable_l4_ilb_subsetting": false,
            "enable_legacy_abac": false,
            "enable_multi_networking": false,
            "enable_shielded_nodes": true,
            "enable_tpu": false,
            "endpoint": "35.224.119.232",
            "enterprise_config": [
              {
                "cluster_tier": "STANDARD",
                "desired_tier": ""
              }
            ],
            "fleet": [],
            "gateway_api_config": [],
            "id": "projects/white-site-459410-c0/locations/us-central1-a/clusters/swe590-cluster",
            "identity_service_config": [],
            "in_transit_encryption_config": "",
            "initial_node_count": 1,
            "ip_allocation_policy": [
              {
                "additional_pod_ranges_config": [],
                "cluster_ipv4_cidr_block": "10.116.0.0/14",
                "cluster_secondary_range_name": "gke-swe590-cluster-pods-d6c63347",
                "pod_cidr_overprovision_config": [
                  {
                    "disabled": false
                  }
                ],
                "services_ipv4_cidr_block": "34.118.224.0/20",
                "services_secondary_range_name": "",
                "stack_type": "IPV4"
              }
            ],
            "label_fingerprint": "78cdf2f6",
            "location": "us-central1-a",
            "logging_config": [
              {
                "enable_components": [
                  "SYSTEM_COMPONENTS",
                  "WORKLOADS"
                ]
              }
            ],
            "logging_service": "logging.googleapis.com/kubernetes",
            "maintenance_policy": [],
            "master_auth": [
              {
                "client_certificate": "",
                "client_certificate_config": [
                  {
                    "issue_client_certificate": false
                  }
                ],
                "client_key": "",
                "cluster_ca_certificate": "LS0tLS1CRUdJTiBDRVJUSUZJQ0FURS0tLS0tCk1JSUVLekNDQXBPZ0F3SUJBZ0lQRWhUVXdKdWRpaWFLclpKRXBlNXJNQTBHQ1NxR1NJYjNEUUVCQ3dVQU1DOHgKTFRBckJnTlZCQU1USkROalpEVmpNall5TFRZMU1qUXROR1E1T0MwNFpEVm1MV05sT0dFeFpqWmlaRFEzWXpBZwpGdzB5TlRBMU1qTXhNek13TkRkYUdBOHlNRFUxTURVeE5qRTBNekEwTjFvd0x6RXRNQ3NHQTFVRUF4TWtNMk5rCk5XTXlOakl0TmpVeU5DMDBaRGs0TFRoa05XWXRZMlU0WVRGbU5tSmtORGRqTUlJQm9qQU5CZ2txaGtpRzl3MEIKQVFFRkFBT0NBWThBTUlJQmlnS0NBWUVBcnhhMnZEa0UyZk9US2ZHTnRPbmhWSXBpVkN2TkNoYk1renV3aWZQaQplU1NlQzU4ejBPU2ZiREVLdFNmUGluQmZ0TElmdzE0U080SVQrTnRtWk9kZ1Y2QXdWckFNcTQ3alNsTVlVcXhOCkJESFBua2s3eW94amluakM4MXh3MEEvYks5UWZsM1ZaVTlHY2d4d2taaStZVW5wRGhVbjdvdGFJWTV0NjN3cVcKYnorOHBZNnZUMFdrWVVSNyt1ZWFvaDN6a1NLbnBEaU1yd2ozNlZCZE9MU0xyL0N4NGhienpldy9rS2YrckgvZwp3aDhkVnUvSWk2STRveDM2c20xdzlYK3drZ1lqekRmRGtmK0tqRXhMZDJOalFodzRIaFh1MjN2MURSbGZxZWo5CjgzSDR4K2d0blFyS2V1MHAzbnpqVURkek1vNFpIRGRubXU3cFVKdXBESkZJWWNEWHRXL29ZblpRWFhubmZkTE0KbEV5b2dZOFVRMmhhVDcxOGI5MmFFZjFyZEl2MlI5WUNDZXFMTzZrL0tVSjdXTzZ2aW81c3A3dFVQdlNYaEpiTgpmTG95MWdVQ1RLaXh1dFFtSTZyU3JYZ0Z0eGMyeGxDeVdWUFpTMWRlbWxrdy9CaDNOTDNrZzBiTEFmOHU3V3NICkVEbTBUVXM5bG5nbVZTelllMkhQRmErM0FnTUJBQUdqUWpCQU1BNEdBMVVkRHdFQi93UUVBd0lDQkRBUEJnTlYKSFJNQkFmOEVCVEFEQVFIL01CMEdBMVVkRGdRV0JCUThaeTdoczVkQnYvMlUzTUdXRzVVSjRoZUJ4ekFOQmdrcQpoa2lHOXcwQkFRc0ZBQU9DQVlFQWQrZkdUNWJQcW9LVzEyR1B1UmVoZzJwMHdvVWJvK01jTDhmQndzbjdwS29RClIrK0NoTEZSNVhlL01HWEk4bmFCeDNoU3JoZEZLeDlMK1BVWElTMzZ5bEdsNmh2d3dqb2xXVi8zcnBnQllPOWUKQ05zMlJybXRQYXhqaFRSYS9MOGw0cnRlaksxekZ4K2xIczlPVGFuWTlUVTdIU0kzRU1mb0VwaCsvOEcwa0FBTQpaZGtVdEZGSXRnbUhQc1Z5RndSUEFvWm56L1AyMFJXRnUxYklTN0M5aXdYUjMyQ3pnc3ozZWpBRExpNDgyaDVECk4vK1JLdTdFMlNKMWlHQllSTXU4U01mRm9MdU0vM1J1Tjg0U2h6SFM3WEdpUEVUdExTejc5WVVENzQ1RW1ud08KSHhJdGh4TVhJVmQ0UjR4Y1FhaFVDNU9WZHIwSVlLVGpOTzlnU0N0QXU2ZXo4QW9iMGY0MlpqVWxDU1RMUkEybwo3eWVrSkxZTjhmMCtxYXpqd0Mvd2hDKzJCSlZDV0VKNTJXMXdxZzRvZS9TbWQ2UFJSVy9wVlg2RmV1TUZkeVJ6CkRneDJhbEEvZFpDZmVhekRibWZlMFErdk5rR09FenFqWTJBMXh5eGxZU3JaODVJYkptS2JqK1gyaTlXT2JzZ1UKSW9KU3FCbkVrU29IUFVZNFFQbGsKLS0tLS1FTkQgQ0VSVElGSUNBVEUtLS0tLQo="
              }
            ],
            "master_authorized_networks_config": [],
            "master_version": "1.32.3-gke.1785003",
            "mesh_certificates": [],
            "min_master_version": null,
            "monitoring_config": [
              {
                "advanced_datapath_observability_config": [
                  {
                    "enable_metrics": false,
                    "enable_relay": false
                  }
                ],
                "enable_components": [
                  "SYSTEM_COMPONENTS",
                  "STORAGE",
                  "HPA",
                  "POD",
                  "DAEMONSET",
                  "DEPLOYMENT",
                  "STATEFULSET",
                  "JOBSET",
                  "CADVISOR",
                  "KUBELET",
                  "DCGM"
                ],
                "managed_prometheus": [
                  {
                    "auto_monitoring_config": [],
                    "enabled": true
                  }
                ]
              }
            ],
            "monitoring_service": "monitoring.googleapis.com/kubernetes",
            "name": "swe590-cluster",
            "network": "projects/white-site-459410-c0/global/networks/default",
            "network_policy": [
              {
                "enabled": false,
                "provider": "PROVIDER_UNSPECIFIED"
              }
            ],
            "networking_mode": "VPC_NATIVE",
            "node_config": [
              {
                "advanced_machine_features": [],
                "boot_disk_kms_key": "",
                "confidential_nodes": [],
                "containerd_config": [],
                "disk_size_gb": 30,
                "disk_type": "pd-standard",
                "effective_taints": [],
                "enable_confidential_storage": false,
                "ephemeral_storage_local_ssd_config": [],
                "fast_socket": [],
                "gcfs_config": [],
                "guest_accelerator": [],
                "gvnic": [],
                "host_maintenance_policy": [],
                "image_type": "COS_CONTAINERD",
                "kubelet_config": [
                  {
                    "allowed_unsafe_sysctls": [],
                    "container_log_max_files": 0,
                    "container_log_max_size": "",
                    "cpu_cfs_quota": false,
                    "cpu_cfs_quota_period": "",
                    "cpu_manager_policy": "",
                    "image_gc_high_threshold_percent": 0,
                    "image_gc_low_threshold_percent": 0,
                    "image_maximum_gc_age": "",
                    "image_minimum_gc_age": "",
                    "insecure_kubelet_readonly_port_enabled": "FALSE",
                    "pod_pids_limit": 0
                  }
                ],
                "labels": {},
                "linux_node_config": [],
                "local_nvme_ssd_block_config": [],
                "local_ssd_count": 0,
                "local_ssd_encryption_mode": "",
                "logging_variant": "DEFAULT",
                "machine_type": "e2-medium",
                "max_run_duration": "",
                "metadata": {
                  "disable-legacy-endpoints": "true"
                },
                "min_cpu_platform": "",
                "node_group": "",
                "oauth_scopes": [
                  "https://www.googleapis.com/auth/cloud-platform"
                ],
                "preemptible": false,
                "reservation_affinity": [],
                "resource_labels": {
                  "goog-gke-node-pool-provisioning-model": "on-demand"
                },
                "resource_manager_tags": {},
                "secondary_boot_disks": [],
                "service_account": "default",
                "shielded_instance_config": [
                  {
                    "enable_integrity_monitoring": true,
                    "enable_secure_boot": false
                  }
                ],
                "sole_tenant_config": [],
                "spot": false,
                "storage_pools": [],
                "tags": [],
                "taint": [],
                "windows_node_config": [
                  {
                    "osversion": ""
                  }
                ],
                "workload_metadata_config": []
              }
            ],
            "node_locations": [],
            "node_pool": [
              {
                "autoscaling": [],
                "initial_node_count": 2,
                "instance_group_urls": [
                  "https://www.googleapis.com/compute/v1/projects/white-site-459410-c0/zones/us-central1-a/instanceGroupManagers/gke-swe590-cluster-primary-node-pool-2a3e4da7-grp"
                ],
                "managed_instance_group_urls": [
                  "https://www.googleapis.com/compute/v1/projects/white-site-459410-c0/zones/us-central1-a/instanceGroups/gke-swe590-cluster-primary-node-pool-2a3e4da7-grp"
                ],
                "management": [
                  {
                    "auto_repair": true,
                    "auto_upgrade": true
                  }
                ],
                "max_pods_per_node": 110,
                "name": "primary-node-pool",
                "name_prefix": "",
                "network_config": [
                  {
                    "additional_node_network_configs": [],
                    "additional_pod_network_configs": [],
                    "create_pod_range": false,
                    "enable_private_nodes": false,
                    "network_performance_config": [],
                    "pod_cidr_overprovision_config": [],
                    "pod_ipv4_cidr_block": "10.116.0.0/14",
                    "pod_range": "gke-swe590-cluster-pods-d6c63347"
                  }
                ],
                "node_config": [
                  {
                    "advanced_machine_features": [],
                    "boot_disk_kms_key": "",
                    "confidential_nodes": [],
                    "containerd_config": [],
                    "disk_size_gb": 30,
                    "disk_type": "pd-standard",
                    "effective_taints": [],
                    "enable_confidential_storage": false,
                    "ephemeral_storage_local_ssd_config": [],
                    "fast_socket": [],
                    "gcfs_config": [],
                    "guest_accelerator": [],
                    "gvnic": [],
                    "host_maintenance_policy": [],
                    "image_type": "COS_CONTAINERD",
                    "kubelet_config": [
                      {
                        "allowed_unsafe_sysctls": [],
                        "container_log_max_files": 0,
                        "container_log_max_size": "",
                        "cpu_cfs_quota": false,
                        "cpu_cfs_quota_period": "",
                        "cpu_manager_policy": "",
                        "image_gc_high_threshold_percent": 0,
                        "image_gc_low_threshold_percent": 0,
                        "image_maximum_gc_age": "",
                        "image_minimum_gc_age": "",
                        "insecure_kubelet_readonly_port_enabled": "FALSE",
                        "pod_pids_limit": 0
                      }
                    ],
                    "labels": {},
                    "linux_node_config": [],
                    "local_nvme_ssd_block_config": [],
                    "local_ssd_count": 0,
                    "local_ssd_encryption_mode": "",
                    "logging_variant": "DEFAULT",
                    "machine_type": "e2-medium",
                    "max_run_duration": "",
                    "metadata": {
                      "disable-legacy-endpoints": "true"
                    },
                    "min_cpu_platform": "",
                    "node_group": "",
                    "oauth_scopes": [
                      "https://www.googleapis.com/auth/cloud-platform"
                    ],
                    "preemptible": false,
                    "reservation_affinity": [],
                    "resource_labels": {
                      "goog-gke-node-pool-provisioning-model": "on-demand"
                    },
                    "resource_manager_tags": {},
                    "secondary_boot_disks": [],
                    "service_account": "default",
                    "shielded_instance_config": [
                      {
                        "enable_integrity_monitoring": true,
                        "enable_secure_boot": false
                      }
                    ],
                    "sole_tenant_config": [],
                    "spot": false,
                    "storage_pools": [],
                    "tags": [],
                    "taint": [],
                    "windows_node_config": [
                      {
                        "osversion": ""
                      }
                    ],
                    "workload_metadata_config": []
                  }
                ],
                "node_count": 2,
                "node_locations": [
                  "us-central1-a"
                ],
                "placement_policy": [],
                "queued_provisioning": [],
                "upgrade_settings": [
                  {
                    "blue_green_settings": [],
                    "max_surge": 1,
                    "max_unavailable": 0,
                    "strategy": "SURGE"
                  }
                ],
                "version": "1.32.3-gke.1785003"
              }
            ],
            "node_pool_auto_config": [
              {
                "linux_node_config": [],
                "network_tags": [],
                "node_kubelet_config": [
                  {
                    "insecure_kubelet_readonly_port_enabled": "FALSE"
                  }
                ],
                "resource_manager_tags": {}
              }
            ],
            "node_pool_defaults": [
              {
                "node_config_defaults": [
                  {
                    "containerd_config": [],
                    "gcfs_config": [],
                    "insecure_kubelet_readonly_port_enabled": "FALSE",
                    "logging_variant": "DEFAULT"
                  }
                ]
              }
            ],
            "node_version": "1.32.3-gke.1785003",
            "notification_config": [
              {
                "pubsub": [
                  {
                    "enabled": false,
                    "filter": [],
                    "topic": ""
                  }
                ]
              }
            ],
            "operation": null,
            "private_cluster_config": [
              {
                "enable_private_endpoint": false,
                "enable_private_nodes": false,
                "master_global_access_config": [
                  {
                    "enabled": false
                  }
                ],
                "master_ipv4_cidr_block": "",
                "peering_name": "",
                "private_endpoint": "10.128.0.9",
                "private_endpoint_subnetwork": "",
                "public_endpoint": "35.224.119.232"
              }
            ],
            "private_ipv6_google_access": "",
            "project": "white-site-459410-c0",
            "release_channel": [
              {
                "channel": "REGULAR"
              }
            ],
            "remove_default_node_pool": true,
            "resource_labels": {},
            "resource_usage_export_config": [],
            "secret_manager_config": [
              {
                "enabled": false
              }
            ],
            "security_posture_config": [
              {
                "mode": "BASIC",
                "vulnerability_mode": "VULNERABILITY_MODE_UNSPECIFIED"
              }
            ],
            "self_link": "https://container.googleapis.com/v1/projects/white-site-459410-c0/zones/us-central1-a/clusters/swe590-cluster",
            "service_external_ips_config": [
              {
                "enabled": false
              }
            ],
            "services_ipv4_cidr": "34.118.224.0/20",
            "subnetwork": "projects/white-site-459410-c0/regions/us-central1/subnetworks/default",
            "terraform_labels": {
              "goog-terraform-provisioned": "true"
            },
            "timeouts": null,
            "tpu_ipv4_cidr_block": "",
            "user_managed_keys_config": [],
            "vertical_pod_autoscaling": [],
            "workload_identity_config": []
          },
          "sensitive_attributes": [
            [
              {
                "type": "get_attr",
                "value": "master_auth"
              },
              {
                "type": "index",
                "value": {
                  "value": 0,
                  "type": "number"
                }
              },
              {
                "type": "get_attr",
                "value": "client_key"
              }
            ]
          ],
          "private": "eyJlMmJmYjczMC1lY2FhLTExZTYtOGY4OC0zNDM2M2JjN2M0YzAiOnsiY3JlYXRlIjoyNDAwMDAwMDAwMDAwLCJkZWxldGUiOjI0MDAwMDAwMDAwMDAsInJlYWQiOjI0MDAwMDAwMDAwMDAsInVwZGF0ZSI6MzYwMDAwMDAwMDAwMH0sInNjaGVtYV92ZXJzaW9uIjoiMiJ9"
        }
      ]
    },
    {
      "mode": "managed",
      "type": "google_container_node_pool",
      "name": "primary_nodes",
      "provider": "provider[\"registry.terraform.io/hashicorp/google\"]",
      "instances": [
        {
          "schema_version": 1,
          "attributes": {
            "autoscaling": [],
            "cluster": "swe590-cluster",
            "id": "projects/white-site-459410-c0/locations/us-central1-a/clusters/swe590-cluster/nodePools/primary-node-pool",
            "initial_node_count": 2,
            "instance_group_urls": [
              "https://www.googleapis.com/compute/v1/projects/white-site-459410-c0/zones/us-central1-a/instanceGroupManagers/gke-swe590-cluster-primary-node-pool-2a3e4da7-grp"
            ],
            "location": "us-central1-a",
            "managed_instance_group_urls": [
              "https://www.googleapis.com/compute/v1/projects/white-site-459410-c0/zones/us-central1-a/instanceGroups/gke-swe590-cluster-primary-node-pool-2a3e4da7-grp"
            ],
            "management": [
              {
                "auto_repair": true,
                "auto_upgrade": true
              }
            ],
            "max_pods_per_node": 110,
            "name": "primary-node-pool",
            "name_prefix": "",
            "network_config": [
              {
                "additional_node_network_configs": [],
                "additional_pod_network_configs": [],
                "create_pod_range": false,
                "enable_private_nodes": false,
                "network_performance_config": [],
                "pod_cidr_overprovision_config": [],
                "pod_ipv4_cidr_block": "10.116.0.0/14",
                "pod_range": "gke-swe590-cluster-pods-d6c63347"
              }
            ],
            "node_config": [
              {
                "advanced_machine_features": [],
                "boot_disk_kms_key": "",
                "confidential_nodes": [],
                "containerd_config": [],
                "disk_size_gb": 30,
                "disk_type": "pd-standard",
                "effective_taints": [],
                "enable_confidential_storage": false,
                "ephemeral_storage_local_ssd_config": [],
                "fast_socket": [],
                "gcfs_config": [],
                "guest_accelerator": [],
                "gvnic": [],
                "host_maintenance_policy": [],
                "image_type": "COS_CONTAINERD",
                "kubelet_config": [
                  {
                    "allowed_unsafe_sysctls": [],
                    "container_log_max_files": 0,
                    "container_log_max_size": "",
                    "cpu_cfs_quota": false,
                    "cpu_cfs_quota_period": "",
                    "cpu_manager_policy": "",
                    "image_gc_high_threshold_percent": 0,
                    "image_gc_low_threshold_percent": 0,
                    "image_maximum_gc_age": "",
                    "image_minimum_gc_age": "",
                    "insecure_kubelet_readonly_port_enabled": "FALSE",
                    "pod_pids_limit": 0
                  }
                ],
                "labels": {},
                "linux_node_config": [],
                "local_nvme_ssd_block_config": [],
                "local_ssd_count": 0,
                "local_ssd_encryption_mode": "",
                "logging_variant": "DEFAULT",
                "machine_type": "e2-medium",
                "max_run_duration": "",
                "metadata": {
                  "disable-legacy-endpoints": "true"
                },
                "min_cpu_platform": "",
                "node_group": "",
                "oauth_scopes": [
                  "https://www.googleapis.com/auth/cloud-platform"
                ],
                "preemptible": false,
                "reservation_affinity": [],
                "resource_labels": {
                  "goog-gke-node-pool-provisioning-model": "on-demand"
                },
                "resource_manager_tags": {},
                "secondary_boot_disks": [],
                "service_account": "default",
                "shielded_instance_config": [
                  {
                    "enable_integrity_monitoring": true,
                    "enable_secure_boot": false
                  }
                ],
                "sole_tenant_config": [],
                "spot": false,
                "storage_pools": [],
                "tags": [],
                "taint": [],
                "windows_node_config": [
                  {
                    "osversion": ""
                  }
                ],
                "workload_metadata_config": []
              }
            ],
            "node_count": 2,
            "node_locations": [
              "us-central1-a"
            ],
            "operation": null,
            "placement_policy": [],
            "project": "white-site-459410-c0",
            "queued_provisioning": [],
            "timeouts": null,
            "upgrade_settings": [
              {
                "blue_green_settings": [],
                "max_surge": 1,
                "max_unavailable": 0,
                "strategy": "SURGE"
              }
            ],
            "version": "1.32.3-gke.1785003"
          },
          "sensitive_attributes": [],
          "private": "eyJlMmJmYjczMC1lY2FhLTExZTYtOGY4OC0zNDM2M2JjN2M0YzAiOnsiY3JlYXRlIjoxODAwMDAwMDAwMDAwLCJkZWxldGUiOjE4MDAwMDAwMDAwMDAsInVwZGF0ZSI6MTgwMDAwMDAwMDAwMH0sInNjaGVtYV92ZXJzaW9uIjoiMSJ9",
          "dependencies": [
            "google_container_cluster.primary"
          ]
        }
      ]
    }
  ],
  "check_results": null
}
